
Microsoft Visual Studio Solution File, Format Version 12.00
# Visual Studio 15
VisualStudioVersion = 15.0.28307.271
MinimumVisualStudioVersion = 10.0.40219.1
Project("{FAE04EC0-301F-11D3-BF4B-00C04F79EFBC}") = "Publisher", "Publisher\Publisher.csproj", "{38FC7528-C4C2-4EEF-80E9-2830DEA964C9}"
EndProject
Project("{FAE04EC0-301F-11D3-BF4B-00C04F79EFBC}") = "Subscriber", "Subscriber\Subscriber.csproj", "{A6995F1D-6FE3-4C20-BDD1-ED4E0E02E7F4}"
EndProject
Global
	GlobalSection(SolutionConfigurationPlatforms) = preSolution
		Debug|Any CPU = Debug|Any CPU
		Release|Any CPU = Release|Any CPU
	EndGlobalSection
	GlobalSection(ProjectConfigurationPlatforms) = postSolution
		{38FC7528-C4C2-4EEF-80E9-2830DEA964C9}.Debug|Any CPU.ActiveCfg = Debug|Any CPU
		{38FC7528-C4C2-4EEF-80E9-2830DEA964C9}.Debug|Any CPU.Build.0 = Debug|Any CPU
		{38FC7528-C4C2-4EEF-80E9-2830DEA964C9}.Release|Any CPU.ActiveCfg = Release|Any CPU
		{38FC7528-C4C2-4EEF-80E9-2830DEA964C9}.Release|Any CPU.Build.0 = Release|Any CPU
		{A6995F1D-6FE3-4C20-BDD1-ED4E0E02E7F4}.Debug|Any CPU.ActiveCfg = Debug|Any CPU
		{A6995F1D-6FE3-4C20-BDD1-ED4E0E02E7F4}.Debug|Any CPU.Build.0 = Debug|Any CPU
		{A6995F1D-6FE3-4C20-BDD1-ED4E0E02E7F4}.Release|Any CPU.ActiveCfg = Release|Any CPU
		{A6995F1D-6FE3-4C20-BDD1-ED4E0E02E7F4}.Release|Any CPU.Build.0 = Release|Any CPU
	EndGlobalSection
	GlobalSection(SolutionProperties) = preSolution
		HideSolutionNode = FALSE
	EndGlobalSection
	GlobalSection(ExtensibilityGlobals) = postSolution
		SolutionGuid = {355CB3E4-A2E7-49D9-B56D-1A9A7871F09C}
	EndGlobalSection
EndGlobal
